// !$*UTF8*$!
{
	archiveVersion = 1;
	classes = {
	};
	objectVersion = 46;
	objects = {

/* Begin PBXBuildFile section */
		857DC6531E26BC33002C6728 /* AppDelegate.swift in Sources */ = {isa = PBXBuildFile; fileRef = 857DC6521E26BC33002C6728 /* AppDelegate.swift */; };
		857DC6551E26BC33002C6728 /* ViewController.swift in Sources */ = {isa = PBXBuildFile; fileRef = 857DC6541E26BC33002C6728 /* ViewController.swift */; };
		857DC6581E26BC33002C6728 /* Main.storyboard in Resources */ = {isa = PBXBuildFile; fileRef = 857DC6561E26BC33002C6728 /* Main.storyboard */; };
		857DC65A1E26BC33002C6728 /* Assets.xcassets in Resources */ = {isa = PBXBuildFile; fileRef = 857DC6591E26BC33002C6728 /* Assets.xcassets */; };
		857DC65D1E26BC33002C6728 /* LaunchScreen.storyboard in Resources */ = {isa = PBXBuildFile; fileRef = 857DC65B1E26BC33002C6728 /* LaunchScreen.storyboard */; };
		857DC6681E26BC33002C6728 /* CardGameTests.swift in Sources */ = {isa = PBXBuildFile; fileRef = 857DC6671E26BC33002C6728 /* CardGameTests.swift */; };
		857DC6731E26BC33002C6728 /* CardGameUITests.swift in Sources */ = {isa = PBXBuildFile; fileRef = 857DC6721E26BC33002C6728 /* CardGameUITests.swift */; };
		857DC6811E26D398002C6728 /* cardImages in Resources */ = {isa = PBXBuildFile; fileRef = 857DC6801E26D398002C6728 /* cardImages */; };
/* End PBXBuildFile section */

/* Begin PBXContainerItemProxy section */
		857DC6641E26BC33002C6728 /* PBXContainerItemProxy */ = {
			isa = PBXContainerItemProxy;
			containerPortal = 857DC6471E26BC33002C6728 /* Project object */;
			proxyType = 1;
			remoteGlobalIDString = 857DC64E1E26BC33002C6728;
			remoteInfo = CardGame;
		};
		857DC66F1E26BC33002C6728 /* PBXContainerItemProxy */ = {
			isa = PBXContainerItemProxy;
			containerPortal = 857DC6471E26BC33002C6728 /* Project object */;
			proxyType = 1;
			remoteGlobalIDString = 857DC64E1E26BC33002C6728;
			remoteInfo = CardGame;
		};
/* End PBXContainerItemProxy section */

/* Begin PBXFileReference section */
		857DC64F1E26BC33002C6728 /* CardGame.app */ = {isa = PBXFileReference; explicitFileType = wrapper.application; includeInIndex = 0; path = CardGame.app; sourceTree = BUILT_PRODUCTS_DIR; };
		857DC6521E26BC33002C6728 /* AppDelegate.swift */ = {isa = PBXFileReference; lastKnownFileType = sourcecode.swift; path = AppDelegate.swift; sourceTree = "<group>"; };
		857DC6541E26BC33002C6728 /* ViewController.swift */ = {isa = PBXFileReference; lastKnownFileType = sourcecode.swift; path = ViewController.swift; sourceTree = "<group>"; };
		857DC6571E26BC33002C6728 /* Base */ = {isa = PBXFileReference; lastKnownFileType = file.storyboard; name = Base; path = Base.lproj/Main.storyboard; sourceTree = "<group>"; };
		857DC6591E26BC33002C6728 /* Assets.xcassets */ = {isa = PBXFileReference; lastKnownFileType = folder.assetcatalog; path = Assets.xcassets; sourceTree = "<group>"; };
		857DC65C1E26BC33002C6728 /* Base */ = {isa = PBXFileReference; lastKnownFileType = file.storyboard; name = Base; path = Base.lproj/LaunchScreen.storyboard; sourceTree = "<group>"; };
		857DC65E1E26BC33002C6728 /* Info.plist */ = {isa = PBXFileReference; lastKnownFileType = text.plist.xml; path = Info.plist; sourceTree = "<group>"; };
		857DC6631E26BC33002C6728 /* CardGameTests.xctest */ = {isa = PBXFileReference; explicitFileType = wrapper.cfbundle; includeInIndex = 0; path = CardGameTests.xctest; sourceTree = BUILT_PRODUCTS_DIR; };
		857DC6671E26BC33002C6728 /* CardGameTests.swift */ = {isa = PBXFileReference; lastKnownFileType = sourcecode.swift; path = CardGameTests.swift; sourceTree = "<group>"; };
		857DC6691E26BC33002C6728 /* Info.plist */ = {isa = PBXFileReference; lastKnownFileType = text.plist.xml; path = Info.plist; sourceTree = "<group>"; };
		857DC66E1E26BC33002C6728 /* CardGameUITests.xctest */ = {isa = PBXFileReference; explicitFileType = wrapper.cfbundle; includeInIndex = 0; path = CardGameUITests.xctest; sourceTree = BUILT_PRODUCTS_DIR; };
		857DC6721E26BC33002C6728 /* CardGameUITests.swift */ = {isa = PBXFileReference; lastKnownFileType = sourcecode.swift; path = CardGameUITests.swift; sourceTree = "<group>"; };
		857DC6741E26BC33002C6728 /* Info.plist */ = {isa = PBXFileReference; lastKnownFileType = text.plist.xml; path = Info.plist; sourceTree = "<group>"; };
		857DC6801E26D398002C6728 /* cardImages */ = {isa = PBXFileReference; lastKnownFileType = folder; path = cardImages; sourceTree = SOURCE_ROOT; };
/* End PBXFileReference section */

/* Begin PBXFrameworksBuildPhase section */
		857DC64C1E26BC33002C6728 /* Frameworks */ = {
			isa = PBXFrameworksBuildPhase;
			buildActionMask = 2147483647;
			files = (
			);
			runOnlyForDeploymentPostprocessing = 0;
		};
		857DC6601E26BC33002C6728 /* Frameworks */ = {
			isa = PBXFrameworksBuildPhase;
			buildActionMask = 2147483647;
			files = (
			);
			runOnlyForDeploymentPostprocessing = 0;
		};
		857DC66B1E26BC33002C6728 /* Frameworks */ = {
			isa = PBXFrameworksBuildPhase;
			buildActionMask = 2147483647;
			files = (
			);
			runOnlyForDeploymentPostprocessing = 0;
		};
/* End PBXFrameworksBuildPhase section */

/* Begin PBXGroup section */
		857DC6461E26BC33002C6728 = {
			isa = PBXGroup;
			children = (
				857DC6511E26BC33002C6728 /* CardGame */,
				857DC6661E26BC33002C6728 /* CardGameTests */,
				857DC6711E26BC33002C6728 /* CardGameUITests */,
				857DC6501E26BC33002C6728 /* Products */,
			);
			sourceTree = "<group>";
		};
		857DC6501E26BC33002C6728 /* Products */ = {
			isa = PBXGroup;
			children = (
				857DC64F1E26BC33002C6728 /* CardGame.app */,
				857DC6631E26BC33002C6728 /* CardGameTests.xctest */,
				857DC66E1E26BC33002C6728 /* CardGameUITests.xctest */,
			);
			name = Products;
			sourceTree = "<group>";
		};
		857DC6511E26BC33002C6728 /* CardGame */ = {
			isa = PBXGroup;
			children = (
				857DC6801E26D398002C6728 /* cardImages */,
				857DC6521E26BC33002C6728 /* AppDelegate.swift */,
				857DC6541E26BC33002C6728 /* ViewController.swift */,
				857DC6561E26BC33002C6728 /* Main.storyboard */,
				857DC6591E26BC33002C6728 /* Assets.xcassets */,
				857DC65B1E26BC33002C6728 /* LaunchScreen.storyboard */,
				857DC65E1E26BC33002C6728 /* Info.plist */,
			);
			path = CardGame;
			sourceTree = "<group>";
		};
		857DC6661E26BC33002C6728 /* CardGameTests */ = {
			isa = PBXGroup;
			children = (
				857DC6671E26BC33002C6728 /* CardGameTests.swift */,
				857DC6691E26BC33002C6728 /* Info.plist */,
			);
			path = CardGameTests;
			sourceTree = "<group>";
		};
		857DC6711E26BC33002C6728 /* CardGameUITests */ = {
			isa = PBXGroup;
			children = (
				857DC6721E26BC33002C6728 /* CardGameUITests.swift */,
				857DC6741E26BC33002C6728 /* Info.plist */,
			);
			path = CardGameUITests;
			sourceTree = "<group>";
		};
/* End PBXGroup section */

/* Begin PBXNativeTarget section */
		857DC64E1E26BC33002C6728 /* CardGame */ = {
			isa = PBXNativeTarget;
			buildConfigurationList = 857DC6771E26BC33002C6728 /* Build configuration list for PBXNativeTarget "CardGame" */;
			buildPhases = (
				857DC64B1E26BC33002C6728 /* Sources */,
				857DC64C1E26BC33002C6728 /* Frameworks */,
				857DC64D1E26BC33002C6728 /* Resources */,
			);
			buildRules = (
			);
			dependencies = (
			);
			name = CardGame;
			productName = CardGame;
			productReference = 857DC64F1E26BC33002C6728 /* CardGame.app */;
			productType = "com.apple.product-type.application";
		};
		857DC6621E26BC33002C6728 /* CardGameTests */ = {
			isa = PBXNativeTarget;
			buildConfigurationList = 857DC67A1E26BC33002C6728 /* Build configuration list for PBXNativeTarget "CardGameTests" */;
			buildPhases = (
				857DC65F1E26BC33002C6728 /* Sources */,
				857DC6601E26BC33002C6728 /* Frameworks */,
				857DC6611E26BC33002C6728 /* Resources */,
			);
			buildRules = (
			);
			dependencies = (
				857DC6651E26BC33002C6728 /* PBXTargetDependency */,
			);
			name = CardGameTests;
			productName = CardGameTests;
			productReference = 857DC6631E26BC33002C6728 /* CardGameTests.xctest */;
			productType = "com.apple.product-type.bundle.unit-test";
		};
		857DC66D1E26BC33002C6728 /* CardGameUITests */ = {
			isa = PBXNativeTarget;
			buildConfigurationList = 857DC67D1E26BC33002C6728 /* Build configuration list for PBXNativeTarget "CardGameUITests" */;
			buildPhases = (
				857DC66A1E26BC33002C6728 /* Sources */,
				857DC66B1E26BC33002C6728 /* Frameworks */,
				857DC66C1E26BC33002C6728 /* Resources */,
			);
			buildRules = (
			);
			dependencies = (
				857DC6701E26BC33002C6728 /* PBXTargetDependency */,
			);
			name = CardGameUITests;
			productName = CardGameUITests;
			productReference = 857DC66E1E26BC33002C6728 /* CardGameUITests.xctest */;
			productType = "com.apple.product-type.bundle.ui-testing";
		};
/* End PBXNativeTarget section */

/* Begin PBXProject section */
		857DC6471E26BC33002C6728 /* Project object */ = {
			isa = PBXProject;
			attributes = {
				LastSwiftUpdateCheck = 0820;
				LastUpgradeCheck = 0820;
				ORGANIZATIONNAME = "Zekai Liu";
				TargetAttributes = {
					857DC64E1E26BC33002C6728 = {
						CreatedOnToolsVersion = 8.2.1;
						ProvisioningStyle = Automatic;
					};
					857DC6621E26BC33002C6728 = {
						CreatedOnToolsVersion = 8.2.1;
						ProvisioningStyle = Automatic;
						TestTargetID = 857DC64E1E26BC33002C6728;
					};
					857DC66D1E26BC33002C6728 = {
						CreatedOnToolsVersion = 8.2.1;
						ProvisioningStyle = Automatic;
						TestTargetID = 857DC64E1E26BC33002C6728;
					};
				};
			};
			buildConfigurationList = 857DC64A1E26BC33002C6728 /* Build configuration list for PBXProject "CardGame" */;
			compatibilityVersion = "Xcode 3.2";
			developmentRegion = English;
			hasScannedForEncodings = 0;
			knownRegions = (
				en,
				Base,
			);
			mainGroup = 857DC6461E26BC33002C6728;
			productRefGroup = 857DC6501E26BC33002C6728 /* Products */;
			projectDirPath = "";
			projectRoot = "";
			targets = (
				857DC64E1E26BC33002C6728 /* CardGame */,
				857DC6621E26BC33002C6728 /* CardGameTests */,
				857DC66D1E26BC33002C6728 /* CardGameUITests */,
			);
		};
/* End PBXProject section */

/* Begin PBXResourcesBuildPhase section */
		857DC64D1E26BC33002C6728 /* Resources */ = {
			isa = PBXResourcesBuildPhase;
			buildActionMask = 2147483647;
			files = (
				857DC65D1E26BC33002C6728 /* LaunchScreen.storyboard in Resources */,
				857DC65A1E26BC33002C6728 /* Assets.xcassets in Resources */,
				857DC6811E26D398002C6728 /* cardImages in Resources */,
				857DC6581E26BC33002C6728 /* Main.storyboard in Resources */,
			);
			runOnlyForDeploymentPostprocessing = 0;
		};
		857DC6611E26BC33002C6728 /* Resources */ = {
			isa = PBXResourcesBuildPhase;
			buildActionMask = 2147483647;
			files = (
			);
			runOnlyForDeploymentPostprocessing = 0;
		};
		857DC66C1E26BC33002C6728 /* Resources */ = {
			isa = PBXResourcesBuildPhase;
			buildActionMask = 2147483647;
			files = (
			);
			runOnlyForDeploymentPostprocessing = 0;
		};
/* End PBXResourcesBuildPhase section */

/* Begin PBXSourcesBuildPhase section */
		857DC64B1E26BC33002C6728 /* Sources */ = {
			isa = PBXSourcesBuildPhase;
			buildActionMask = 2147483647;
			files = (
				857DC6551E26BC33002C6728 /* ViewController.swift in Sources */,
				857DC6531E26BC33002C6728 /* AppDelegate.swift in Sources */,
			);
			runOnlyForDeploymentPostprocessing = 0;
		};
		857DC65F1E26BC33002C6728 /* Sources */ = {
			isa = PBXSourcesBuildPhase;
			buildActionMask = 2147483647;
			files = (
				857DC6681E26BC33002C6728 /* CardGameTests.swift in Sources */,
			);
			runOnlyForDeploymentPostprocessing = 0;
		};
		857DC66A1E26BC33002C6728 /* Sources */ = {
			isa = PBXSourcesBuildPhase;
			buildActionMask = 2147483647;
			files = (
				857DC6731E26BC33002C6728 /* CardGameUITests.swift in Sources */,
			);
			runOnlyForDeploymentPostprocessing = 0;
		};
/* End PBXSourcesBuildPhase section */

/* Begin PBXTargetDependency section */
		857DC6651E26BC33002C6728 /* PBXTargetDependency */ = {
			isa = PBXTargetDependency;
			target = 857DC64E1E26BC33002C6728 /* CardGame */;
			targetProxy = 857DC6641E26BC33002C6728 /* PBXContainerItemProxy */;
		};
		857DC6701E26BC33002C6728 /* PBXTargetDependency */ = {
			isa = PBXTargetDependency;
			target = 857DC64E1E26BC33002C6728 /* CardGame */;
			targetProxy = 857DC66F1E26BC33002C6728 /* PBXContainerItemProxy */;
		};
/* End PBXTargetDependency section */

/* Begin PBXVariantGroup section */
		857DC6561E26BC33002C6728 /* Main.storyboard */ = {
			isa = PBXVariantGroup;
			children = (
				857DC6571E26BC33002C6728 /* Base */,
			);
			name = Main.storyboard;
			sourceTree = "<group>";
		};
		857DC65B1E26BC33002C6728 /* LaunchScreen.storyboard */ = {
			isa = PBXVariantGroup;
			children = (
				857DC65C1E26BC33002C6728 /* Base */,
			);
			name = LaunchScreen.storyboard;
			sourceTree = "<group>";
		};
/* End PBXVariantGroup section */

/* Begin XCBuildConfiguration section */
		857DC6751E26BC33002C6728 /* Debug */ = {
			isa = XCBuildConfiguration;
			buildSettings = {
				ALWAYS_SEARCH_USER_PATHS = NO;
				CLANG_ANALYZER_NONNULL = YES;
				CLANG_CXX_LANGUAGE_STANDARD = "gnu++0x";
				CLANG_CXX_LIBRARY = "libc++";
				CLANG_ENABLE_MODULES = YES;
				CLANG_ENABLE_OBJC_ARC = YES;
				CLANG_WARN_BOOL_CONVERSION = YES;
				CLANG_WARN_CONSTANT_CONVERSION = YES;
				CLANG_WARN_DIRECT_OBJC_ISA_USAGE = YES_ERROR;
				CLANG_WARN_DOCUMENTATION_COMMENTS = YES;
				CLANG_WARN_EMPTY_BODY = YES;
				CLANG_WARN_ENUM_CONVERSION = YES;
				CLANG_WARN_INFINITE_RECURSION = YES;
				CLANG_WARN_INT_CONVERSION = YES;
				CLANG_WARN_OBJC_ROOT_CLASS = YES_ERROR;
				CLANG_WARN_SUSPICIOUS_MOVE = YES;
				CLANG_WARN_UNREACHABLE_CODE = YES;
				CLANG_WARN__DUPLICATE_METHOD_MATCH = YES;
				"CODE_SIGN_IDENTITY[sdk=iphoneos*]" = "iPhone Developer";
				COPY_PHASE_STRIP = NO;
				DEBUG_INFORMATION_FORMAT = dwarf;
				ENABLE_STRICT_OBJC_MSGSEND = YES;
				ENABLE_TESTABILITY = YES;
				GCC_C_LANGUAGE_STANDARD = gnu99;
				GCC_DYNAMIC_NO_PIC = NO;
				GCC_NO_COMMON_BLOCKS = YES;
				GCC_OPTIMIZATION_LEVEL = 0;
				GCC_PREPROCESSOR_DEFINITIONS = (
					"DEBUG=1",
					"$(inherited)",
				);
				GCC_WARN_64_TO_32_BIT_CONVERSION = YES;
				GCC_WARN_ABOUT_RETURN_TYPE = YES_ERROR;
				GCC_WARN_UNDECLARED_SELECTOR = YES;
				GCC_WARN_UNINITIALIZED_AUTOS = YES_AGGRESSIVE;
				GCC_WARN_UNUSED_FUNCTION = YES;
				GCC_WARN_UNUSED_VARIABLE = YES;
				IPHONEOS_DEPLOYMENT_TARGET = 10.2;
				MTL_ENABLE_DEBUG_INFO = YES;
				ONLY_ACTIVE_ARCH = YES;
				SDKROOT = iphoneos;
				SWIFT_ACTIVE_COMPILATION_CONDITIONS = DEBUG;
				SWIFT_OPTIMIZATION_LEVEL = "-Onone";
				TARGETED_DEVICE_FAMILY = "1,2";
			};
			name = Debug;
		};
		857DC6761E26BC33002C6728 /* Release */ = {
			isa = XCBuildConfiguration;
			buildSettings = {
				ALWAYS_SEARCH_USER_PATHS = NO;
				CLANG_ANALYZER_NONNULL = YES;
				CLANG_CXX_LANGUAGE_STANDARD = "gnu++0x";
				CLANG_CXX_LIBRARY = "libc++";
				CLANG_ENABLE_MODULES = YES;
				CLANG_ENABLE_OBJC_ARC = YES;
				CLANG_WARN_BOOL_CONVERSION = YES;
				CLANG_WARN_CONSTANT_CONVERSION = YES;
				CLANG_WARN_DIRECT_OBJC_ISA_USAGE = YES_ERROR;
				CLANG_WARN_DOCUMENTATION_COMMENTS = YES;
				CLANG_WARN_EMPTY_BODY = YES;
				CLANG_WARN_ENUM_CONVERSION = YES;
				CLANG_WARN_INFINITE_RECURSION = YES;
				CLANG_WARN_INT_CONVERSION = YES;
				CLANG_WARN_OBJC_ROOT_CLASS = YES_ERROR;
				CLANG_WARN_SUSPICIOUS_MOVE = YES;
				CLANG_WARN_UNREACHABLE_CODE = YES;
				CLANG_WARN__DUPLICATE_METHOD_MATCH = YES;
				"CODE_SIGN_IDENTITY[sdk=iphoneos*]" = "iPhone Developer";
				COPY_PHASE_STRIP = NO;
				DEBUG_INFORMATION_FORMAT = "dwarf-with-dsym";
				ENABLE_NS_ASSERTIONS = NO;
				ENABLE_STRICT_OBJC_MSGSEND = YES;
				GCC_C_LANGUAGE_STANDARD = gnu99;
				GCC_NO_COMMON_BLOCKS = YES;
				GCC_WARN_64_TO_32_BIT_CONVERSION = YES;
				GCC_WARN_ABOUT_RETURN_TYPE = YES_ERROR;
				GCC_WARN_UNDECLARED_SELECTOR = YES;
				GCC_WARN_UNINITIALIZED_AUTOS = YES_AGGRESSIVE;
				GCC_WARN_UNUSED_FUNCTION = YES;
				GCC_WARN_UNUSED_VARIABLE = YES;
				IPHONEOS_DEPLOYMENT_TARGET = 10.2;
				MTL_ENABLE_DEBUG_INFO = NO;
				SDKROOT = iphoneos;
				SWIFT_OPTIMIZATION_LEVEL = "-Owholemodule";
				TARGETED_DEVICE_FAMILY = "1,2";
				VALIDATE_PRODUCT = YES;
			};
			name = Release;
		};
		857DC6781E26BC33002C6728 /* Debug */ = {
			isa = XCBuildConfiguration;
			buildSettings = {
				ASSETCATALOG_COMPILER_APPICON_NAME = AppIcon;
				INFOPLIST_FILE = CardGame/Info.plist;
				LD_RUNPATH_SEARCH_PATHS = "$(inherited) @executable_path/Frameworks";
				PRODUCT_BUNDLE_IDENTIFIER = CodingDojo.CardGame;
				PRODUCT_NAME = "$(TARGET_NAME)";
				SWIFT_VERSION = 3.0;
			};
			name = Debug;
		};
		857DC6791E26BC33002C6728 /* Release */ = {
			isa = XCBuildConfiguration;
			buildSettings = {
				ASSETCATALOG_COMPILER_APPICON_NAME = AppIcon;
				INFOPLIST_FILE = CardGame/Info.plist;
				LD_RUNPATH_SEARCH_PATHS = "$(inherited) @executable_path/Frameworks";
				PRODUCT_BUNDLE_IDENTIFIER = CodingDojo.CardGame;
				PRODUCT_NAME = "$(TARGET_NAME)";
				SWIFT_VERSION = 3.0;
			};
			name = Release;
		};
		857DC67B1E26BC33002C6728 /* Debug */ = {
			isa = XCBuildConfiguration;
			buildSettings = {
				ALWAYS_EMBED_SWIFT_STANDARD_LIBRARIES = YES;
				BUNDLE_LOADER = "$(TEST_HOST)";
				INFOPLIST_FILE = CardGameTests/Info.plist;
				LD_RUNPATH_SEARCH_PATHS = "$(inherited) @executable_path/Frameworks @loader_path/Frameworks";
				PRODUCT_BUNDLE_IDENTIFIER = CodingDojo.CardGameTests;
				PRODUCT_NAME = "$(TARGET_NAME)";
				SWIFT_VERSION = 3.0;
				TEST_HOST = "$(BUILT_PRODUCTS_DIR)/CardGame.app/CardGame";
			};
			name = Debug;
		};
		857DC67C1E26BC33002C6728 /* Release */ = {
			isa = XCBuildConfiguration;
			buildSettings = {
				ALWAYS_EMBED_SWIFT_STANDARD_LIBRARIES = YES;
				BUNDLE_LOADER = "$(TEST_HOST)";
				INFOPLIST_FILE = CardGameTests/Info.plist;
				LD_RUNPATH_SEARCH_PATHS = "$(inherited) @executable_path/Frameworks @loader_path/Frameworks";
				PRODUCT_BUNDLE_IDENTIFIER = CodingDojo.CardGameTests;
				PRODUCT_NAME = "$(TARGET_NAME)";
				SWIFT_VERSION = 3.0;
				TEST_HOST = "$(BUILT_PRODUCTS_DIR)/CardGame.app/CardGame";
			};
			name = Release;
		};
		857DC67E1E26BC33002C6728 /* Debug */ = {
			isa = XCBuildConfiguration;
			buildSettings = {
				ALWAYS_EMBED_SWIFT_STANDARD_LIBRARIES = YES;
				INFOPLIST_FILE = CardGameUITests/Info.plist;
				LD_RUNPATH_SEARCH_PATHS = "$(inherited) @executable_path/Frameworks @loader_path/Frameworks";
				PRODUCT_BUNDLE_IDENTIFIER = CodingDojo.CardGameUITests;
				PRODUCT_NAME = "$(TARGET_NAME)";
				SWIFT_VERSION = 3.0;
				TEST_TARGET_NAME = CardGame;
			};
			name = Debug;
		};
		857DC67F1E26BC33002C6728 /* Release */ = {
			isa = XCBuildConfiguration;
			buildSettings = {
				ALWAYS_EMBED_SWIFT_STANDARD_LIBRARIES = YES;
				INFOPLIST_FILE = CardGameUITests/Info.plist;
				LD_RUNPATH_SEARCH_PATHS = "$(inherited) @executable_path/Frameworks @loader_path/Frameworks";
				PRODUCT_BUNDLE_IDENTIFIER = CodingDojo.CardGameUITests;
				PRODUCT_NAME = "$(TARGET_NAME)";
				SWIFT_VERSION = 3.0;
				TEST_TARGET_NAME = CardGame;
			};
			name = Release;
		};
/* End XCBuildConfiguration section */

/* Begin XCConfigurationList section */
		857DC64A1E26BC33002C6728 /* Build configuration list for PBXProject "CardGame" */ = {
			isa = XCConfigurationList;
			buildConfigurations = (
				857DC6751E26BC33002C6728 /* Debug */,
				857DC6761E26BC33002C6728 /* Release */,
			);
			defaultConfigurationIsVisible = 0;
			defaultConfigurationName = Release;
		};
		857DC6771E26BC33002C6728 /* Build configuration list for PBXNativeTarget "CardGame" */ = {
			isa = XCConfigurationList;
			buildConfigurations = (
				857DC6781E26BC33002C6728 /* Debug */,
				857DC6791E26BC33002C6728 /* Release */,
			);
			defaultConfigurationIsVisible = 0;
			defaultConfigurationName = Release;
		};
		857DC67A1E26BC33002C6728 /* Build configuration list for PBXNativeTarget "CardGameTests" */ = {
			isa = XCConfigurationList;
			buildConfigurations = (
				857DC67B1E26BC33002C6728 /* Debug */,
				857DC67C1E26BC33002C6728 /* Release */,
			);
			defaultConfigurationIsVisible = 0;
			defaultConfigurationName = Release;
		};
		857DC67D1E26BC33002C6728 /* Build configuration list for PBXNativeTarget "CardGameUITests" */ = {
			isa = XCConfigurationList;
			buildConfigurations = (
				857DC67E1E26BC33002C6728 /* Debug */,
				857DC67F1E26BC33002C6728 /* Release */,
			);
			defaultConfigurationIsVisible = 0;
			defaultConfigurationName = Release;
		};
/* End XCConfigurationList section */
	};
	rootObject = 857DC6471E26BC33002C6728 /* Project object */;
}
